
Microsoft Visual Studio Solution File, Format Version 12.00
# Visual Studio 14
VisualStudioVersion = 14.0.25420.1
MinimumVisualStudioVersion = 10.0.40219.1
Project("{FAE04EC0-301F-11D3-BF4B-00C04F79EFBC}") = "NFine.Application", "NFine.Application\NFine.Application.csproj", "{F2035EE2-B73D-4FB8-A433-CAB465DE6A2A}"
EndProject
Project("{2150E333-8FDC-42A3-9474-1A3956D46DE8}") = "01 Common 基础结构层", "01 Common 基础结构层", "{DE2A9A88-E15C-4E3D-AB28-B97879149854}"
EndProject
Project("{2150E333-8FDC-42A3-9474-1A3956D46DE8}") = "04 Web 应用程序", "04 Web 应用程序", "{748B2C30-CB38-49EE-AD5A-391272786FA7}"
EndProject
Project("{FAE04EC0-301F-11D3-BF4B-00C04F79EFBC}") = "NFine.Web", "NFine.Web\NFine.Web.csproj", "{BEF1F2C9-1903-4AC4-93BD-08452BFA37A3}"
EndProject
Project("{FAE04EC0-301F-11D3-BF4B-00C04F79EFBC}") = "NFine.Domain", "NFine.Domain\NFine.Domain.csproj", "{7DC886CD-B8A0-44E8-AADD-57FCB0CFECB8}"
EndProject
Project("{FAE04EC0-301F-11D3-BF4B-00C04F79EFBC}") = "NFine.Code", "NFine.Code\NFine.Code.csproj", "{DB19CE03-C307-43FE-A209-08AA4AE10E21}"
EndProject
Project("{2150E333-8FDC-42A3-9474-1A3956D46DE8}") = "03 Domain 应用服务", "03 Domain 应用服务", "{F2C0CC86-CD58-4803-B43A-10FA559A355B}"
EndProject
Project("{FAE04EC0-301F-11D3-BF4B-00C04F79EFBC}") = "NFine.Repository", "NFine.Repository\NFine.Repository.csproj", "{875233BF-EA15-49E0-9A9C-77884A897FF6}"
EndProject
Project("{FAE04EC0-301F-11D3-BF4B-00C04F79EFBC}") = "NFine.Data", "NFine.Data\NFine.Data.csproj", "{F71003E8-A836-48F4-9DF6-DF9095CEBD18}"
EndProject
Project("{FAE04EC0-301F-11D3-BF4B-00C04F79EFBC}") = "NFine.Mapping", "NFine.Mapping\NFine.Mapping.csproj", "{4E642CBE-F6C5-4CB9-9474-6B349652FE77}"
EndProject
Project("{2150E333-8FDC-42A3-9474-1A3956D46DE8}") = "02 CC工作流引擎", "02 CC工作流引擎", "{9D7F6DAA-8ED5-45D1-8007-E32BFDF86C21}"
EndProject
Project("{FAE04EC0-301F-11D3-BF4B-00C04F79EFBC}") = "BP.Demo", "cc\BP.Demo\BP.Demo.csproj", "{8E48D1DF-CEED-4F0C-B863-3359B2A99134}"
EndProject
Project("{FAE04EC0-301F-11D3-BF4B-00C04F79EFBC}") = "BP.En30", "cc\BP.En30\BP.En30.csproj", "{F9D27BAB-758D-4205-BFC8-76B49A4C87F1}"
EndProject
Project("{FAE04EC0-301F-11D3-BF4B-00C04F79EFBC}") = "BP.GPM", "cc\BP.GPM\BP.GPM.csproj", "{3AE8C44B-7DBA-4312-A775-57172697FAA7}"
EndProject
Project("{FAE04EC0-301F-11D3-BF4B-00C04F79EFBC}") = "BP.GPMClient", "cc\BP.GPMClient\BP.GPMClient.csproj", "{FF691E0A-4A23-4E7A-AA0F-A7EBAA2E711B}"
EndProject
Project("{FAE04EC0-301F-11D3-BF4B-00C04F79EFBC}") = "BP.Web.Controls30", "cc\BP.Web.Controls30\BP.Web.Controls30.csproj", "{B04D173B-69F6-4BF3-8EA4-8DB2FC7F33F4}"
EndProject
Project("{FAE04EC0-301F-11D3-BF4B-00C04F79EFBC}") = "BP.WF", "cc\BP.WF\BP.WF.csproj", "{04147518-E5E6-4B01-A797-094B8BA9CFD5}"
EndProject
Global
	GlobalSection(SolutionConfigurationPlatforms) = preSolution
		Debug|Any CPU = Debug|Any CPU
		Release|Any CPU = Release|Any CPU
	EndGlobalSection
	GlobalSection(ProjectConfigurationPlatforms) = postSolution
		{F2035EE2-B73D-4FB8-A433-CAB465DE6A2A}.Debug|Any CPU.ActiveCfg = Debug|Any CPU
		{F2035EE2-B73D-4FB8-A433-CAB465DE6A2A}.Debug|Any CPU.Build.0 = Debug|Any CPU
		{F2035EE2-B73D-4FB8-A433-CAB465DE6A2A}.Release|Any CPU.ActiveCfg = Release|Any CPU
		{F2035EE2-B73D-4FB8-A433-CAB465DE6A2A}.Release|Any CPU.Build.0 = Release|Any CPU
		{BEF1F2C9-1903-4AC4-93BD-08452BFA37A3}.Debug|Any CPU.ActiveCfg = Debug|Any CPU
		{BEF1F2C9-1903-4AC4-93BD-08452BFA37A3}.Debug|Any CPU.Build.0 = Debug|Any CPU
		{BEF1F2C9-1903-4AC4-93BD-08452BFA37A3}.Release|Any CPU.ActiveCfg = Release|Any CPU
		{BEF1F2C9-1903-4AC4-93BD-08452BFA37A3}.Release|Any CPU.Build.0 = Release|Any CPU
		{7DC886CD-B8A0-44E8-AADD-57FCB0CFECB8}.Debug|Any CPU.ActiveCfg = Debug|Any CPU
		{7DC886CD-B8A0-44E8-AADD-57FCB0CFECB8}.Debug|Any CPU.Build.0 = Debug|Any CPU
		{7DC886CD-B8A0-44E8-AADD-57FCB0CFECB8}.Release|Any CPU.ActiveCfg = Release|Any CPU
		{7DC886CD-B8A0-44E8-AADD-57FCB0CFECB8}.Release|Any CPU.Build.0 = Release|Any CPU
		{DB19CE03-C307-43FE-A209-08AA4AE10E21}.Debug|Any CPU.ActiveCfg = Debug|Any CPU
		{DB19CE03-C307-43FE-A209-08AA4AE10E21}.Debug|Any CPU.Build.0 = Debug|Any CPU
		{DB19CE03-C307-43FE-A209-08AA4AE10E21}.Release|Any CPU.ActiveCfg = Release|Any CPU
		{DB19CE03-C307-43FE-A209-08AA4AE10E21}.Release|Any CPU.Build.0 = Release|Any CPU
		{875233BF-EA15-49E0-9A9C-77884A897FF6}.Debug|Any CPU.ActiveCfg = Debug|Any CPU
		{875233BF-EA15-49E0-9A9C-77884A897FF6}.Debug|Any CPU.Build.0 = Debug|Any CPU
		{875233BF-EA15-49E0-9A9C-77884A897FF6}.Release|Any CPU.ActiveCfg = Release|Any CPU
		{875233BF-EA15-49E0-9A9C-77884A897FF6}.Release|Any CPU.Build.0 = Release|Any CPU
		{F71003E8-A836-48F4-9DF6-DF9095CEBD18}.Debug|Any CPU.ActiveCfg = Debug|Any CPU
		{F71003E8-A836-48F4-9DF6-DF9095CEBD18}.Debug|Any CPU.Build.0 = Debug|Any CPU
		{F71003E8-A836-48F4-9DF6-DF9095CEBD18}.Release|Any CPU.ActiveCfg = Release|Any CPU
		{F71003E8-A836-48F4-9DF6-DF9095CEBD18}.Release|Any CPU.Build.0 = Release|Any CPU
		{4E642CBE-F6C5-4CB9-9474-6B349652FE77}.Debug|Any CPU.ActiveCfg = Debug|Any CPU
		{4E642CBE-F6C5-4CB9-9474-6B349652FE77}.Debug|Any CPU.Build.0 = Debug|Any CPU
		{4E642CBE-F6C5-4CB9-9474-6B349652FE77}.Release|Any CPU.ActiveCfg = Release|Any CPU
		{4E642CBE-F6C5-4CB9-9474-6B349652FE77}.Release|Any CPU.Build.0 = Release|Any CPU
		{8E48D1DF-CEED-4F0C-B863-3359B2A99134}.Debug|Any CPU.ActiveCfg = Debug|Any CPU
		{8E48D1DF-CEED-4F0C-B863-3359B2A99134}.Debug|Any CPU.Build.0 = Debug|Any CPU
		{8E48D1DF-CEED-4F0C-B863-3359B2A99134}.Release|Any CPU.ActiveCfg = Release|Any CPU
		{8E48D1DF-CEED-4F0C-B863-3359B2A99134}.Release|Any CPU.Build.0 = Release|Any CPU
		{F9D27BAB-758D-4205-BFC8-76B49A4C87F1}.Debug|Any CPU.ActiveCfg = Debug|Any CPU
		{F9D27BAB-758D-4205-BFC8-76B49A4C87F1}.Debug|Any CPU.Build.0 = Debug|Any CPU
		{F9D27BAB-758D-4205-BFC8-76B49A4C87F1}.Release|Any CPU.ActiveCfg = Release|Any CPU
		{F9D27BAB-758D-4205-BFC8-76B49A4C87F1}.Release|Any CPU.Build.0 = Release|Any CPU
		{3AE8C44B-7DBA-4312-A775-57172697FAA7}.Debug|Any CPU.ActiveCfg = Debug|Any CPU
		{3AE8C44B-7DBA-4312-A775-57172697FAA7}.Debug|Any CPU.Build.0 = Debug|Any CPU
		{3AE8C44B-7DBA-4312-A775-57172697FAA7}.Release|Any CPU.ActiveCfg = Release|Any CPU
		{3AE8C44B-7DBA-4312-A775-57172697FAA7}.Release|Any CPU.Build.0 = Release|Any CPU
		{FF691E0A-4A23-4E7A-AA0F-A7EBAA2E711B}.Debug|Any CPU.ActiveCfg = Debug|Any CPU
		{FF691E0A-4A23-4E7A-AA0F-A7EBAA2E711B}.Debug|Any CPU.Build.0 = Debug|Any CPU
		{FF691E0A-4A23-4E7A-AA0F-A7EBAA2E711B}.Release|Any CPU.ActiveCfg = Release|Any CPU
		{FF691E0A-4A23-4E7A-AA0F-A7EBAA2E711B}.Release|Any CPU.Build.0 = Release|Any CPU
		{B04D173B-69F6-4BF3-8EA4-8DB2FC7F33F4}.Debug|Any CPU.ActiveCfg = Debug|Any CPU
		{B04D173B-69F6-4BF3-8EA4-8DB2FC7F33F4}.Debug|Any CPU.Build.0 = Debug|Any CPU
		{B04D173B-69F6-4BF3-8EA4-8DB2FC7F33F4}.Release|Any CPU.ActiveCfg = Release|Any CPU
		{B04D173B-69F6-4BF3-8EA4-8DB2FC7F33F4}.Release|Any CPU.Build.0 = Release|Any CPU
		{04147518-E5E6-4B01-A797-094B8BA9CFD5}.Debug|Any CPU.ActiveCfg = Debug|Any CPU
		{04147518-E5E6-4B01-A797-094B8BA9CFD5}.Debug|Any CPU.Build.0 = Debug|Any CPU
		{04147518-E5E6-4B01-A797-094B8BA9CFD5}.Release|Any CPU.ActiveCfg = Release|Any CPU
		{04147518-E5E6-4B01-A797-094B8BA9CFD5}.Release|Any CPU.Build.0 = Release|Any CPU
	EndGlobalSection
	GlobalSection(SolutionProperties) = preSolution
		HideSolutionNode = FALSE
	EndGlobalSection
	GlobalSection(NestedProjects) = preSolution
		{F2035EE2-B73D-4FB8-A433-CAB465DE6A2A} = {F2C0CC86-CD58-4803-B43A-10FA559A355B}
		{BEF1F2C9-1903-4AC4-93BD-08452BFA37A3} = {748B2C30-CB38-49EE-AD5A-391272786FA7}
		{7DC886CD-B8A0-44E8-AADD-57FCB0CFECB8} = {F2C0CC86-CD58-4803-B43A-10FA559A355B}
		{DB19CE03-C307-43FE-A209-08AA4AE10E21} = {DE2A9A88-E15C-4E3D-AB28-B97879149854}
		{875233BF-EA15-49E0-9A9C-77884A897FF6} = {F2C0CC86-CD58-4803-B43A-10FA559A355B}
		{F71003E8-A836-48F4-9DF6-DF9095CEBD18} = {DE2A9A88-E15C-4E3D-AB28-B97879149854}
		{4E642CBE-F6C5-4CB9-9474-6B349652FE77} = {F2C0CC86-CD58-4803-B43A-10FA559A355B}
		{8E48D1DF-CEED-4F0C-B863-3359B2A99134} = {9D7F6DAA-8ED5-45D1-8007-E32BFDF86C21}
		{F9D27BAB-758D-4205-BFC8-76B49A4C87F1} = {9D7F6DAA-8ED5-45D1-8007-E32BFDF86C21}
		{3AE8C44B-7DBA-4312-A775-57172697FAA7} = {9D7F6DAA-8ED5-45D1-8007-E32BFDF86C21}
		{FF691E0A-4A23-4E7A-AA0F-A7EBAA2E711B} = {9D7F6DAA-8ED5-45D1-8007-E32BFDF86C21}
		{B04D173B-69F6-4BF3-8EA4-8DB2FC7F33F4} = {9D7F6DAA-8ED5-45D1-8007-E32BFDF86C21}
		{04147518-E5E6-4B01-A797-094B8BA9CFD5} = {9D7F6DAA-8ED5-45D1-8007-E32BFDF86C21}
	EndGlobalSection
EndGlobal
